
Microsoft Visual Studio Solution File, Format Version 12.00
# Visual Studio Version 16
VisualStudioVersion = 16.0.32413.511
MinimumVisualStudioVersion = 10.0.40219.1
Project("{FAE04EC0-301F-11D3-BF4B-00C04F79EFBC}") = "TenDeNho2", "TenDeNho2\TenDeNho2.csproj", "{74539DC7-053E-453D-9F7B-504A6959D824}"
EndProject
Global
	GlobalSection(SolutionConfigurationPlatforms) = preSolution
		Debug|Any CPU = Debug|Any CPU
		Release|Any CPU = Release|Any CPU
	EndGlobalSection
	GlobalSection(ProjectConfigurationPlatforms) = postSolution
		{74539DC7-053E-453D-9F7B-504A6959D824}.Debug|Any CPU.ActiveCfg = Debug|Any CPU
		{74539DC7-053E-453D-9F7B-504A6959D824}.Debug|Any CPU.Build.0 = Debug|Any CPU
		{74539DC7-053E-453D-9F7B-504A6959D824}.Release|Any CPU.ActiveCfg = Release|Any CPU
		{74539DC7-053E-453D-9F7B-504A6959D824}.Release|Any CPU.Build.0 = Release|Any CPU
	EndGlobalSection
	GlobalSection(SolutionProperties) = preSolution
		HideSolutionNode = FALSE
	EndGlobalSection
	GlobalSection(ExtensibilityGlobals) = postSolution
		SolutionGuid = {061A2E71-6FD7-4F62-8B12-FB1D81DB1422}
	EndGlobalSection
EndGlobal
